// !$*UTF8*$!
{
	archiveVersion = 1;
	classes = {
	};
	objectVersion = 56;
	objects = {

/* Begin PBXBuildFile section */
		49600CB52C9C414A00FA5533 /* UserStatView.swift in Sources */ = {isa = PBXBuildFile; fileRef = 49600CB42C9C414A00FA5533 /* UserStatView.swift */; };
		499C6E4A2C9A361F0029C825 /* InstagramApp.swift in Sources */ = {isa = PBXBuildFile; fileRef = 499C6E492C9A361F0029C825 /* InstagramApp.swift */; };
		499C6E4C2C9A361F0029C825 /* ContentView.swift in Sources */ = {isa = PBXBuildFile; fileRef = 499C6E4B2C9A361F0029C825 /* ContentView.swift */; };
		499C6E4E2C9A36200029C825 /* Assets.xcassets in Resources */ = {isa = PBXBuildFile; fileRef = 499C6E4D2C9A36200029C825 /* Assets.xcassets */; };
		499C6E512C9A36200029C825 /* Preview Assets.xcassets in Resources */ = {isa = PBXBuildFile; fileRef = 499C6E502C9A36200029C825 /* Preview Assets.xcassets */; };
		49E922022C9ED0D6001D449E /* FeedCell.swift in Sources */ = {isa = PBXBuildFile; fileRef = 49E922012C9ED0D6001D449E /* FeedCell.swift */; };
		49E922042C9F1998001D449E /* FeedView.swift in Sources */ = {isa = PBXBuildFile; fileRef = 49E922032C9F1998001D449E /* FeedView.swift */; };
		49E922072C9F37FB001D449E /* SearchView.swift in Sources */ = {isa = PBXBuildFile; fileRef = 49E922062C9F37FB001D449E /* SearchView.swift */; };
		49E9220A2C9F3EAF001D449E /* LoginView.swift in Sources */ = {isa = PBXBuildFile; fileRef = 49E922092C9F3EAF001D449E /* LoginView.swift */; };
		49E9220C2C9F538B001D449E /* AddEmailView.swift in Sources */ = {isa = PBXBuildFile; fileRef = 49E9220B2C9F538B001D449E /* AddEmailView.swift */; };
		49E9220E2C9F606D001D449E /* IGTextFieldModifier.swift in Sources */ = {isa = PBXBuildFile; fileRef = 49E9220D2C9F606D001D449E /* IGTextFieldModifier.swift */; };
		49E922102C9F6402001D449E /* CreateUsernameView.swift in Sources */ = {isa = PBXBuildFile; fileRef = 49E9220F2C9F6402001D449E /* CreateUsernameView.swift */; };
		49E922122C9F7012001D449E /* CreatePasswordView.swift in Sources */ = {isa = PBXBuildFile; fileRef = 49E922112C9F7012001D449E /* CreatePasswordView.swift */; };
		49E922142C9F73FC001D449E /* CompleteSignUpView.swift in Sources */ = {isa = PBXBuildFile; fileRef = 49E922132C9F73FC001D449E /* CompleteSignUpView.swift */; };
		49E922162C9F7C8C001D449E /* User.swift in Sources */ = {isa = PBXBuildFile; fileRef = 49E922152C9F7C8C001D449E /* User.swift */; };
		49E922182C9FA5CB001D449E /* CurrentUserProfileView.swift in Sources */ = {isa = PBXBuildFile; fileRef = 49E922172C9FA5CB001D449E /* CurrentUserProfileView.swift */; };
		49E9221A2CA02D16001D449E /* Post.swift in Sources */ = {isa = PBXBuildFile; fileRef = 49E922192CA02D16001D449E /* Post.swift */; };
		49E9221C2CA05E6A001D449E /* PostGridView.swift in Sources */ = {isa = PBXBuildFile; fileRef = 49E9221B2CA05E6A001D449E /* PostGridView.swift */; };
		49E9221E2CA06535001D449E /* ProfileHeaderView.swift in Sources */ = {isa = PBXBuildFile; fileRef = 49E9221D2CA06535001D449E /* ProfileHeaderView.swift */; };
		49E922212CA06B79001D449E /* UploadPostView.swift in Sources */ = {isa = PBXBuildFile; fileRef = 49E922202CA06B79001D449E /* UploadPostView.swift */; };
		49F624F92C9B6B5B0028426F /* MainTabView.swift in Sources */ = {isa = PBXBuildFile; fileRef = 49F624F82C9B6B5B0028426F /* MainTabView.swift */; };
		49F624FC2C9B6EF70028426F /* ProfileView.swift in Sources */ = {isa = PBXBuildFile; fileRef = 49F624FB2C9B6EF70028426F /* ProfileView.swift */; };
/* End PBXBuildFile section */

/* Begin PBXFileReference section */
		49600CB42C9C414A00FA5533 /* UserStatView.swift */ = {isa = PBXFileReference; lastKnownFileType = sourcecode.swift; path = UserStatView.swift; sourceTree = "<group>"; };
		499C6E462C9A361F0029C825 /* Instagram.app */ = {isa = PBXFileReference; explicitFileType = wrapper.application; includeInIndex = 0; path = Instagram.app; sourceTree = BUILT_PRODUCTS_DIR; };
		499C6E492C9A361F0029C825 /* InstagramApp.swift */ = {isa = PBXFileReference; lastKnownFileType = sourcecode.swift; path = InstagramApp.swift; sourceTree = "<group>"; };
		499C6E4B2C9A361F0029C825 /* ContentView.swift */ = {isa = PBXFileReference; lastKnownFileType = sourcecode.swift; path = ContentView.swift; sourceTree = "<group>"; };
		499C6E4D2C9A36200029C825 /* Assets.xcassets */ = {isa = PBXFileReference; lastKnownFileType = folder.assetcatalog; path = Assets.xcassets; sourceTree = "<group>"; };
		499C6E502C9A36200029C825 /* Preview Assets.xcassets */ = {isa = PBXFileReference; lastKnownFileType = folder.assetcatalog; path = "Preview Assets.xcassets"; sourceTree = "<group>"; };
		49E922012C9ED0D6001D449E /* FeedCell.swift */ = {isa = PBXFileReference; lastKnownFileType = sourcecode.swift; path = FeedCell.swift; sourceTree = "<group>"; };
		49E922032C9F1998001D449E /* FeedView.swift */ = {isa = PBXFileReference; lastKnownFileType = sourcecode.swift; path = FeedView.swift; sourceTree = "<group>"; };
		49E922062C9F37FB001D449E /* SearchView.swift */ = {isa = PBXFileReference; lastKnownFileType = sourcecode.swift; path = SearchView.swift; sourceTree = "<group>"; };
		49E922092C9F3EAF001D449E /* LoginView.swift */ = {isa = PBXFileReference; lastKnownFileType = sourcecode.swift; path = LoginView.swift; sourceTree = "<group>"; };
		49E9220B2C9F538B001D449E /* AddEmailView.swift */ = {isa = PBXFileReference; lastKnownFileType = sourcecode.swift; path = AddEmailView.swift; sourceTree = "<group>"; };
		49E9220D2C9F606D001D449E /* IGTextFieldModifier.swift */ = {isa = PBXFileReference; lastKnownFileType = sourcecode.swift; path = IGTextFieldModifier.swift; sourceTree = "<group>"; };
		49E9220F2C9F6402001D449E /* CreateUsernameView.swift */ = {isa = PBXFileReference; lastKnownFileType = sourcecode.swift; path = CreateUsernameView.swift; sourceTree = "<group>"; };
		49E922112C9F7012001D449E /* CreatePasswordView.swift */ = {isa = PBXFileReference; lastKnownFileType = sourcecode.swift; path = CreatePasswordView.swift; sourceTree = "<group>"; };
		49E922132C9F73FC001D449E /* CompleteSignUpView.swift */ = {isa = PBXFileReference; lastKnownFileType = sourcecode.swift; path = CompleteSignUpView.swift; sourceTree = "<group>"; };
		49E922152C9F7C8C001D449E /* User.swift */ = {isa = PBXFileReference; lastKnownFileType = sourcecode.swift; path = User.swift; sourceTree = "<group>"; };
		49E922172C9FA5CB001D449E /* CurrentUserProfileView.swift */ = {isa = PBXFileReference; lastKnownFileType = sourcecode.swift; path = CurrentUserProfileView.swift; sourceTree = "<group>"; };
		49E922192CA02D16001D449E /* Post.swift */ = {isa = PBXFileReference; lastKnownFileType = sourcecode.swift; path = Post.swift; sourceTree = "<group>"; };
		49E9221B2CA05E6A001D449E /* PostGridView.swift */ = {isa = PBXFileReference; lastKnownFileType = sourcecode.swift; path = PostGridView.swift; sourceTree = "<group>"; };
		49E9221D2CA06535001D449E /* ProfileHeaderView.swift */ = {isa = PBXFileReference; lastKnownFileType = sourcecode.swift; path = ProfileHeaderView.swift; sourceTree = "<group>"; };
		49E922202CA06B79001D449E /* UploadPostView.swift */ = {isa = PBXFileReference; lastKnownFileType = sourcecode.swift; path = UploadPostView.swift; sourceTree = "<group>"; };
		49F624F82C9B6B5B0028426F /* MainTabView.swift */ = {isa = PBXFileReference; lastKnownFileType = sourcecode.swift; path = MainTabView.swift; sourceTree = "<group>"; };
		49F624FB2C9B6EF70028426F /* ProfileView.swift */ = {isa = PBXFileReference; lastKnownFileType = sourcecode.swift; path = ProfileView.swift; sourceTree = "<group>"; };
/* End PBXFileReference section */

/* Begin PBXFrameworksBuildPhase section */
		499C6E432C9A361F0029C825 /* Frameworks */ = {
			isa = PBXFrameworksBuildPhase;
			buildActionMask = 2147483647;
			files = (
			);
			runOnlyForDeploymentPostprocessing = 0;
		};
/* End PBXFrameworksBuildPhase section */

/* Begin PBXGroup section */
		49600CB32C9C410E00FA5533 /* Components */ = {
			isa = PBXGroup;
			children = (
				49E9220D2C9F606D001D449E /* IGTextFieldModifier.swift */,
				49E9221B2CA05E6A001D449E /* PostGridView.swift */,
				49600CB42C9C414A00FA5533 /* UserStatView.swift */,
			);
			path = Components;
			sourceTree = "<group>";
		};
		499C6E3D2C9A361F0029C825 = {
			isa = PBXGroup;
			children = (
				499C6E482C9A361F0029C825 /* Instagram */,
				499C6E472C9A361F0029C825 /* Products */,
			);
			sourceTree = "<group>";
		};
		499C6E472C9A361F0029C825 /* Products */ = {
			isa = PBXGroup;
			children = (
				499C6E462C9A361F0029C825 /* Instagram.app */,
			);
			name = Products;
			sourceTree = "<group>";
		};
		499C6E482C9A361F0029C825 /* Instagram */ = {
			isa = PBXGroup;
			children = (
				499C6E572C9A3DC70029C825 /* App */,
				499C6E582C9A3DD30029C825 /* Core */,
				499C6E592C9A3DE00029C825 /* Model */,
				499C6E5B2C9A3E010029C825 /* Extensions */,
				499C6E5A2C9A3DF50029C825 /* Services */,
				499C6E4D2C9A36200029C825 /* Assets.xcassets */,
				499C6E4F2C9A36200029C825 /* Preview Content */,
			);
			path = Instagram;
			sourceTree = "<group>";
		};
		499C6E4F2C9A36200029C825 /* Preview Content */ = {
			isa = PBXGroup;
			children = (
				499C6E502C9A36200029C825 /* Preview Assets.xcassets */,
			);
			path = "Preview Content";
			sourceTree = "<group>";
		};
		499C6E572C9A3DC70029C825 /* App */ = {
			isa = PBXGroup;
			children = (
				499C6E492C9A361F0029C825 /* InstagramApp.swift */,
			);
			path = App;
			sourceTree = "<group>";
		};
		499C6E582C9A3DD30029C825 /* Core */ = {
			isa = PBXGroup;
			children = (
				49E922082C9F3E85001D449E /* Authentication */,
				49600CB32C9C410E00FA5533 /* Components */,
				49E921FE2C9ED05B001D449E /* Feed */,
				49F624FA2C9B6ED70028426F /* Profile */,
				499C6E5C2C9A3E590029C825 /* Root */,
				49E922052C9F37CC001D449E /* Search */,
				49F624F72C9B6B0E0028426F /* TabBar */,
				49E9221F2CA06B48001D449E /* UploadPost */,
			);
			path = Core;
			sourceTree = "<group>";
		};
		499C6E592C9A3DE00029C825 /* Model */ = {
			isa = PBXGroup;
			children = (
				49E922192CA02D16001D449E /* Post.swift */,
				49E922152C9F7C8C001D449E /* User.swift */,
			);
			path = Model;
			sourceTree = "<group>";
		};
		499C6E5A2C9A3DF50029C825 /* Services */ = {
			isa = PBXGroup;
			children = (
			);
			path = Services;
			sourceTree = "<group>";
		};
		499C6E5B2C9A3E010029C825 /* Extensions */ = {
			isa = PBXGroup;
			children = (
			);
			path = Extensions;
			sourceTree = "<group>";
		};
		499C6E5C2C9A3E590029C825 /* Root */ = {
			isa = PBXGroup;
			children = (
				499C6E4B2C9A361F0029C825 /* ContentView.swift */,
			);
			path = Root;
			sourceTree = "<group>";
		};
		49E921FE2C9ED05B001D449E /* Feed */ = {
			isa = PBXGroup;
			children = (
				49E922012C9ED0D6001D449E /* FeedCell.swift */,
				49E922032C9F1998001D449E /* FeedView.swift */,
			);
			path = Feed;
			sourceTree = "<group>";
		};
		49E922052C9F37CC001D449E /* Search */ = {
			isa = PBXGroup;
			children = (
				49E922062C9F37FB001D449E /* SearchView.swift */,
			);
			path = Search;
			sourceTree = "<group>";
		};
		49E922082C9F3E85001D449E /* Authentication */ = {
			isa = PBXGroup;
			children = (
				49E9220B2C9F538B001D449E /* AddEmailView.swift */,
				49E922132C9F73FC001D449E /* CompleteSignUpView.swift */,
				49E922112C9F7012001D449E /* CreatePasswordView.swift */,
				49E9220F2C9F6402001D449E /* CreateUsernameView.swift */,
				49E922092C9F3EAF001D449E /* LoginView.swift */,
			);
			path = Authentication;
			sourceTree = "<group>";
		};
		49E9221F2CA06B48001D449E /* UploadPost */ = {
			isa = PBXGroup;
			children = (
				49E922202CA06B79001D449E /* UploadPostView.swift */,
			);
			path = UploadPost;
			sourceTree = "<group>";
		};
		49F624F72C9B6B0E0028426F /* TabBar */ = {
			isa = PBXGroup;
			children = (
				49F624F82C9B6B5B0028426F /* MainTabView.swift */,
			);
			path = TabBar;
			sourceTree = "<group>";
		};
		49F624FA2C9B6ED70028426F /* Profile */ = {
			isa = PBXGroup;
			children = (
				49E922172C9FA5CB001D449E /* CurrentUserProfileView.swift */,
				49E9221D2CA06535001D449E /* ProfileHeaderView.swift */,
				49F624FB2C9B6EF70028426F /* ProfileView.swift */,
			);
			path = Profile;
			sourceTree = "<group>";
		};
/* End PBXGroup section */

/* Begin PBXNativeTarget section */
		499C6E452C9A361F0029C825 /* Instagram */ = {
			isa = PBXNativeTarget;
			buildConfigurationList = 499C6E542C9A36200029C825 /* Build configuration list for PBXNativeTarget "Instagram" */;
			buildPhases = (
				49F624F62C9B5B780028426F /* SwiftLint */,
				499C6E422C9A361F0029C825 /* Sources */,
				499C6E432C9A361F0029C825 /* Frameworks */,
				499C6E442C9A361F0029C825 /* Resources */,
			);
			buildRules = (
			);
			dependencies = (
			);
			name = Instagram;
			productName = Instagram;
			productReference = 499C6E462C9A361F0029C825 /* Instagram.app */;
			productType = "com.apple.product-type.application";
		};
/* End PBXNativeTarget section */

/* Begin PBXProject section */
		499C6E3E2C9A361F0029C825 /* Project object */ = {
			isa = PBXProject;
			attributes = {
				BuildIndependentTargetsInParallel = 1;
				LastSwiftUpdateCheck = 1540;
				LastUpgradeCheck = 1540;
				TargetAttributes = {
					499C6E452C9A361F0029C825 = {
						CreatedOnToolsVersion = 15.4;
					};
				};
			};
			buildConfigurationList = 499C6E412C9A361F0029C825 /* Build configuration list for PBXProject "Instagram" */;
			compatibilityVersion = "Xcode 14.0";
			developmentRegion = en;
			hasScannedForEncodings = 0;
			knownRegions = (
				en,
				Base,
			);
			mainGroup = 499C6E3D2C9A361F0029C825;
			productRefGroup = 499C6E472C9A361F0029C825 /* Products */;
			projectDirPath = "";
			projectRoot = "";
			targets = (
				499C6E452C9A361F0029C825 /* Instagram */,
			);
		};
/* End PBXProject section */

/* Begin PBXResourcesBuildPhase section */
		499C6E442C9A361F0029C825 /* Resources */ = {
			isa = PBXResourcesBuildPhase;
			buildActionMask = 2147483647;
			files = (
				499C6E512C9A36200029C825 /* Preview Assets.xcassets in Resources */,
				499C6E4E2C9A36200029C825 /* Assets.xcassets in Resources */,
			);
			runOnlyForDeploymentPostprocessing = 0;
		};
/* End PBXResourcesBuildPhase section */

/* Begin PBXShellScriptBuildPhase section */
		49F624F62C9B5B780028426F /* SwiftLint */ = {
			isa = PBXShellScriptBuildPhase;
			alwaysOutOfDate = 1;
			buildActionMask = 2147483647;
			files = (
			);
			inputFileListPaths = (
			);
			inputPaths = (
			);
			name = SwiftLint;
			outputFileListPaths = (
			);
			outputPaths = (
			);
			runOnlyForDeploymentPostprocessing = 0;
			shellPath = /bin/sh;
			shellScript = "if [[ \"$(uname -m)\" == arm64 ]]; then\n    export PATH=\"/opt/homebrew/bin:$PATH\"\nfi\n\nif which swiftlint > /dev/null; then\n  swiftlint\nelse\n  echo \"warning: SwiftLint not installed, download from https://github.com/realm/SwiftLint\"\nfi\n";
		};
/* End PBXShellScriptBuildPhase section */

/* Begin PBXSourcesBuildPhase section */
		499C6E422C9A361F0029C825 /* Sources */ = {
			isa = PBXSourcesBuildPhase;
			buildActionMask = 2147483647;
			files = (
				49E922042C9F1998001D449E /* FeedView.swift in Sources */,
				49E922212CA06B79001D449E /* UploadPostView.swift in Sources */,
				49E922022C9ED0D6001D449E /* FeedCell.swift in Sources */,
				49F624FC2C9B6EF70028426F /* ProfileView.swift in Sources */,
				49E9220A2C9F3EAF001D449E /* LoginView.swift in Sources */,
				49E9221A2CA02D16001D449E /* Post.swift in Sources */,
				499C6E4C2C9A361F0029C825 /* ContentView.swift in Sources */,
				49E922182C9FA5CB001D449E /* CurrentUserProfileView.swift in Sources */,
				49E9220C2C9F538B001D449E /* AddEmailView.swift in Sources */,
				49E9221C2CA05E6A001D449E /* PostGridView.swift in Sources */,
				49E922102C9F6402001D449E /* CreateUsernameView.swift in Sources */,
				49E9221E2CA06535001D449E /* ProfileHeaderView.swift in Sources */,
				49E922142C9F73FC001D449E /* CompleteSignUpView.swift in Sources */,
				49E922162C9F7C8C001D449E /* User.swift in Sources */,
				49E922072C9F37FB001D449E /* SearchView.swift in Sources */,
				49E9220E2C9F606D001D449E /* IGTextFieldModifier.swift in Sources */,
				499C6E4A2C9A361F0029C825 /* InstagramApp.swift in Sources */,
				49600CB52C9C414A00FA5533 /* UserStatView.swift in Sources */,
				49F624F92C9B6B5B0028426F /* MainTabView.swift in Sources */,
				49E922122C9F7012001D449E /* CreatePasswordView.swift in Sources */,
			);
			runOnlyForDeploymentPostprocessing = 0;
		};
/* End PBXSourcesBuildPhase section */

/* Begin XCBuildConfiguration section */
		499C6E522C9A36200029C825 /* Debug */ = {
			isa = XCBuildConfiguration;
			buildSettings = {
				ALWAYS_SEARCH_USER_PATHS = NO;
				ASSETCATALOG_COMPILER_GENERATE_SWIFT_ASSET_SYMBOL_EXTENSIONS = YES;
				CLANG_ANALYZER_NONNULL = YES;
				CLANG_ANALYZER_NUMBER_OBJECT_CONVERSION = YES_AGGRESSIVE;
				CLANG_CXX_LANGUAGE_STANDARD = "gnu++20";
				CLANG_ENABLE_MODULES = YES;
				CLANG_ENABLE_OBJC_ARC = YES;
				CLANG_ENABLE_OBJC_WEAK = YES;
				CLANG_WARN_BLOCK_CAPTURE_AUTORELEASING = YES;
				CLANG_WARN_BOOL_CONVERSION = YES;
				CLANG_WARN_COMMA = YES;
				CLANG_WARN_CONSTANT_CONVERSION = YES;
				CLANG_WARN_DEPRECATED_OBJC_IMPLEMENTATIONS = YES;
				CLANG_WARN_DIRECT_OBJC_ISA_USAGE = YES_ERROR;
				CLANG_WARN_DOCUMENTATION_COMMENTS = YES;
				CLANG_WARN_EMPTY_BODY = YES;
				CLANG_WARN_ENUM_CONVERSION = YES;
				CLANG_WARN_INFINITE_RECURSION = YES;
				CLANG_WARN_INT_CONVERSION = YES;
				CLANG_WARN_NON_LITERAL_NULL_CONVERSION = YES;
				CLANG_WARN_OBJC_IMPLICIT_RETAIN_SELF = YES;
				CLANG_WARN_OBJC_LITERAL_CONVERSION = YES;
				CLANG_WARN_OBJC_ROOT_CLASS = YES_ERROR;
				CLANG_WARN_QUOTED_INCLUDE_IN_FRAMEWORK_HEADER = YES;
				CLANG_WARN_RANGE_LOOP_ANALYSIS = YES;
				CLANG_WARN_STRICT_PROTOTYPES = YES;
				CLANG_WARN_SUSPICIOUS_MOVE = YES;
				CLANG_WARN_UNGUARDED_AVAILABILITY = YES_AGGRESSIVE;
				CLANG_WARN_UNREACHABLE_CODE = YES;
				CLANG_WARN__DUPLICATE_METHOD_MATCH = YES;
				COPY_PHASE_STRIP = NO;
				DEBUG_INFORMATION_FORMAT = dwarf;
				ENABLE_STRICT_OBJC_MSGSEND = YES;
				ENABLE_TESTABILITY = YES;
				ENABLE_USER_SCRIPT_SANDBOXING = NO;
				GCC_C_LANGUAGE_STANDARD = gnu17;
				GCC_DYNAMIC_NO_PIC = NO;
				GCC_NO_COMMON_BLOCKS = YES;
				GCC_OPTIMIZATION_LEVEL = 0;
				GCC_PREPROCESSOR_DEFINITIONS = (
					"DEBUG=1",
					"$(inherited)",
				);
				GCC_WARN_64_TO_32_BIT_CONVERSION = YES;
				GCC_WARN_ABOUT_RETURN_TYPE = YES_ERROR;
				GCC_WARN_UNDECLARED_SELECTOR = YES;
				GCC_WARN_UNINITIALIZED_AUTOS = YES_AGGRESSIVE;
				GCC_WARN_UNUSED_FUNCTION = YES;
				GCC_WARN_UNUSED_VARIABLE = YES;
				IPHONEOS_DEPLOYMENT_TARGET = 17.5;
				LOCALIZATION_PREFERS_STRING_CATALOGS = YES;
				MTL_ENABLE_DEBUG_INFO = INCLUDE_SOURCE;
				MTL_FAST_MATH = YES;
				ONLY_ACTIVE_ARCH = YES;
				SDKROOT = iphoneos;
				SWIFT_ACTIVE_COMPILATION_CONDITIONS = "DEBUG $(inherited)";
				SWIFT_OPTIMIZATION_LEVEL = "-Onone";
			};
			name = Debug;
		};
		499C6E532C9A36200029C825 /* Release */ = {
			isa = XCBuildConfiguration;
			buildSettings = {
				ALWAYS_SEARCH_USER_PATHS = NO;
				ASSETCATALOG_COMPILER_GENERATE_SWIFT_ASSET_SYMBOL_EXTENSIONS = YES;
				CLANG_ANALYZER_NONNULL = YES;
				CLANG_ANALYZER_NUMBER_OBJECT_CONVERSION = YES_AGGRESSIVE;
				CLANG_CXX_LANGUAGE_STANDARD = "gnu++20";
				CLANG_ENABLE_MODULES = YES;
				CLANG_ENABLE_OBJC_ARC = YES;
				CLANG_ENABLE_OBJC_WEAK = YES;
				CLANG_WARN_BLOCK_CAPTURE_AUTORELEASING = YES;
				CLANG_WARN_BOOL_CONVERSION = YES;
				CLANG_WARN_COMMA = YES;
				CLANG_WARN_CONSTANT_CONVERSION = YES;
				CLANG_WARN_DEPRECATED_OBJC_IMPLEMENTATIONS = YES;
				CLANG_WARN_DIRECT_OBJC_ISA_USAGE = YES_ERROR;
				CLANG_WARN_DOCUMENTATION_COMMENTS = YES;
				CLANG_WARN_EMPTY_BODY = YES;
				CLANG_WARN_ENUM_CONVERSION = YES;
				CLANG_WARN_INFINITE_RECURSION = YES;
				CLANG_WARN_INT_CONVERSION = YES;
				CLANG_WARN_NON_LITERAL_NULL_CONVERSION = YES;
				CLANG_WARN_OBJC_IMPLICIT_RETAIN_SELF = YES;
				CLANG_WARN_OBJC_LITERAL_CONVERSION = YES;
				CLANG_WARN_OBJC_ROOT_CLASS = YES_ERROR;
				CLANG_WARN_QUOTED_INCLUDE_IN_FRAMEWORK_HEADER = YES;
				CLANG_WARN_RANGE_LOOP_ANALYSIS = YES;
				CLANG_WARN_STRICT_PROTOTYPES = YES;
				CLANG_WARN_SUSPICIOUS_MOVE = YES;
				CLANG_WARN_UNGUARDED_AVAILABILITY = YES_AGGRESSIVE;
				CLANG_WARN_UNREACHABLE_CODE = YES;
				CLANG_WARN__DUPLICATE_METHOD_MATCH = YES;
				COPY_PHASE_STRIP = NO;
				DEBUG_INFORMATION_FORMAT = "dwarf-with-dsym";
				ENABLE_NS_ASSERTIONS = NO;
				ENABLE_STRICT_OBJC_MSGSEND = YES;
				ENABLE_USER_SCRIPT_SANDBOXING = NO;
				GCC_C_LANGUAGE_STANDARD = gnu17;
				GCC_NO_COMMON_BLOCKS = YES;
				GCC_WARN_64_TO_32_BIT_CONVERSION = YES;
				GCC_WARN_ABOUT_RETURN_TYPE = YES_ERROR;
				GCC_WARN_UNDECLARED_SELECTOR = YES;
				GCC_WARN_UNINITIALIZED_AUTOS = YES_AGGRESSIVE;
				GCC_WARN_UNUSED_FUNCTION = YES;
				GCC_WARN_UNUSED_VARIABLE = YES;
				IPHONEOS_DEPLOYMENT_TARGET = 17.5;
				LOCALIZATION_PREFERS_STRING_CATALOGS = YES;
				MTL_ENABLE_DEBUG_INFO = NO;
				MTL_FAST_MATH = YES;
				SDKROOT = iphoneos;
				SWIFT_COMPILATION_MODE = wholemodule;
				VALIDATE_PRODUCT = YES;
			};
			name = Release;
		};
		499C6E552C9A36200029C825 /* Debug */ = {
			isa = XCBuildConfiguration;
			buildSettings = {
				ASSETCATALOG_COMPILER_APPICON_NAME = AppIcon;
				ASSETCATALOG_COMPILER_GLOBAL_ACCENT_COLOR_NAME = AccentColor;
				CODE_SIGN_STYLE = Automatic;
				CURRENT_PROJECT_VERSION = 1;
				DEVELOPMENT_ASSET_PATHS = "\"Instagram/Preview Content\"";
				ENABLE_PREVIEWS = YES;
				GENERATE_INFOPLIST_FILE = YES;
				INFOPLIST_KEY_UIApplicationSceneManifest_Generation = YES;
				INFOPLIST_KEY_UIApplicationSupportsIndirectInputEvents = YES;
				INFOPLIST_KEY_UILaunchScreen_Generation = YES;
				INFOPLIST_KEY_UISupportedInterfaceOrientations_iPad = "UIInterfaceOrientationPortrait UIInterfaceOrientationPortraitUpsideDown UIInterfaceOrientationLandscapeLeft UIInterfaceOrientationLandscapeRight";
				INFOPLIST_KEY_UISupportedInterfaceOrientations_iPhone = "UIInterfaceOrientationPortrait UIInterfaceOrientationLandscapeLeft UIInterfaceOrientationLandscapeRight";
				LD_RUNPATH_SEARCH_PATHS = (
					"$(inherited)",
					"@executable_path/Frameworks",
				);
				MARKETING_VERSION = 1.0;
				PRODUCT_BUNDLE_IDENTIFIER = com.mdossantosdev.Instagram;
				PRODUCT_NAME = "$(TARGET_NAME)";
				SWIFT_EMIT_LOC_STRINGS = YES;
				SWIFT_VERSION = 5.0;
				TARGETED_DEVICE_FAMILY = "1,2";
			};
			name = Debug;
		};
		499C6E562C9A36200029C825 /* Release */ = {
			isa = XCBuildConfiguration;
			buildSettings = {
				ASSETCATALOG_COMPILER_APPICON_NAME = AppIcon;
				ASSETCATALOG_COMPILER_GLOBAL_ACCENT_COLOR_NAME = AccentColor;
				CODE_SIGN_STYLE = Automatic;
				CURRENT_PROJECT_VERSION = 1;
				DEVELOPMENT_ASSET_PATHS = "\"Instagram/Preview Content\"";
				ENABLE_PREVIEWS = YES;
				GENERATE_INFOPLIST_FILE = YES;
				INFOPLIST_KEY_UIApplicationSceneManifest_Generation = YES;
				INFOPLIST_KEY_UIApplicationSupportsIndirectInputEvents = YES;
				INFOPLIST_KEY_UILaunchScreen_Generation = YES;
				INFOPLIST_KEY_UISupportedInterfaceOrientations_iPad = "UIInterfaceOrientationPortrait UIInterfaceOrientationPortraitUpsideDown UIInterfaceOrientationLandscapeLeft UIInterfaceOrientationLandscapeRight";
				INFOPLIST_KEY_UISupportedInterfaceOrientations_iPhone = "UIInterfaceOrientationPortrait UIInterfaceOrientationLandscapeLeft UIInterfaceOrientationLandscapeRight";
				LD_RUNPATH_SEARCH_PATHS = (
					"$(inherited)",
					"@executable_path/Frameworks",
				);
				MARKETING_VERSION = 1.0;
				PRODUCT_BUNDLE_IDENTIFIER = com.mdossantosdev.Instagram;
				PRODUCT_NAME = "$(TARGET_NAME)";
				SWIFT_EMIT_LOC_STRINGS = YES;
				SWIFT_VERSION = 5.0;
				TARGETED_DEVICE_FAMILY = "1,2";
			};
			name = Release;
		};
/* End XCBuildConfiguration section */

/* Begin XCConfigurationList section */
		499C6E412C9A361F0029C825 /* Build configuration list for PBXProject "Instagram" */ = {
			isa = XCConfigurationList;
			buildConfigurations = (
				499C6E522C9A36200029C825 /* Debug */,
				499C6E532C9A36200029C825 /* Release */,
			);
			defaultConfigurationIsVisible = 0;
			defaultConfigurationName = Release;
		};
		499C6E542C9A36200029C825 /* Build configuration list for PBXNativeTarget "Instagram" */ = {
			isa = XCConfigurationList;
			buildConfigurations = (
				499C6E552C9A36200029C825 /* Debug */,
				499C6E562C9A36200029C825 /* Release */,
			);
			defaultConfigurationIsVisible = 0;
			defaultConfigurationName = Release;
		};
/* End XCConfigurationList section */
	};
	rootObject = 499C6E3E2C9A361F0029C825 /* Project object */;
}
