// !$*UTF8*$!
{
	archiveVersion = 1;
	classes = {
	};
	objectVersion = 56;
	objects = {

/* Begin PBXBuildFile section */
		49053AED2CB5D22600AE7379 /* EditProfileView.swift in Sources */ = {isa = PBXBuildFile; fileRef = 49053AEC2CB5D22600AE7379 /* EditProfileView.swift */; };
		49077A042CA1854B00816179 /* ContentViewModel.swift in Sources */ = {isa = PBXBuildFile; fileRef = 49077A032CA1854B00816179 /* ContentViewModel.swift */; };
		4921828B2CC53C7400AE2EBE /* FeedViewModel.swift in Sources */ = {isa = PBXBuildFile; fileRef = 4921828A2CC53C7400AE2EBE /* FeedViewModel.swift */; };
		4921828D2CC56D6600AE2EBE /* PostService.swift in Sources */ = {isa = PBXBuildFile; fileRef = 4921828C2CC56D6600AE2EBE /* PostService.swift */; };
		493B7E4B2CA326DE0086E9D1 /* RegistrationViewModel.swift in Sources */ = {isa = PBXBuildFile; fileRef = 493B7E4A2CA326DE0086E9D1 /* RegistrationViewModel.swift */; };
		4958B3F72CADF1BF00398819 /* SearchViewModel.swift in Sources */ = {isa = PBXBuildFile; fileRef = 4958B3F62CADF1BF00398819 /* SearchViewModel.swift */; };
		49600CB52C9C414A00FA5533 /* UserStatView.swift in Sources */ = {isa = PBXBuildFile; fileRef = 49600CB42C9C414A00FA5533 /* UserStatView.swift */; };
		498BF52D2CB87D4800A4AB60 /* ImageUploader.swift in Sources */ = {isa = PBXBuildFile; fileRef = 498BF52C2CB87D4800A4AB60 /* ImageUploader.swift */; };
		499C6E4A2C9A361F0029C825 /* InstagramApp.swift in Sources */ = {isa = PBXBuildFile; fileRef = 499C6E492C9A361F0029C825 /* InstagramApp.swift */; };
		499C6E4C2C9A361F0029C825 /* ContentView.swift in Sources */ = {isa = PBXBuildFile; fileRef = 499C6E4B2C9A361F0029C825 /* ContentView.swift */; };
		499C6E4E2C9A36200029C825 /* Assets.xcassets in Resources */ = {isa = PBXBuildFile; fileRef = 499C6E4D2C9A36200029C825 /* Assets.xcassets */; };
		499C6E512C9A36200029C825 /* Preview Assets.xcassets in Resources */ = {isa = PBXBuildFile; fileRef = 499C6E502C9A36200029C825 /* Preview Assets.xcassets */; };
		49A02EC62CBF187F007D626E /* Kingfisher in Frameworks */ = {isa = PBXBuildFile; productRef = 49A02EC52CBF187F007D626E /* Kingfisher */; };
		49A02EC82CBF2040007D626E /* CircularProfileImageView.swift in Sources */ = {isa = PBXBuildFile; fileRef = 49A02EC72CBF2040007D626E /* CircularProfileImageView.swift */; };
		49B2B6B82CB724EE00B17ADE /* EditProfileViewModel.swift in Sources */ = {isa = PBXBuildFile; fileRef = 49B2B6B72CB724EE00B17ADE /* EditProfileViewModel.swift */; };
		49E922022C9ED0D6001D449E /* FeedCell.swift in Sources */ = {isa = PBXBuildFile; fileRef = 49E922012C9ED0D6001D449E /* FeedCell.swift */; };
		49E922042C9F1998001D449E /* FeedView.swift in Sources */ = {isa = PBXBuildFile; fileRef = 49E922032C9F1998001D449E /* FeedView.swift */; };
		49E922072C9F37FB001D449E /* SearchView.swift in Sources */ = {isa = PBXBuildFile; fileRef = 49E922062C9F37FB001D449E /* SearchView.swift */; };
		49E9220A2C9F3EAF001D449E /* LoginView.swift in Sources */ = {isa = PBXBuildFile; fileRef = 49E922092C9F3EAF001D449E /* LoginView.swift */; };
		49E9220C2C9F538B001D449E /* AddEmailView.swift in Sources */ = {isa = PBXBuildFile; fileRef = 49E9220B2C9F538B001D449E /* AddEmailView.swift */; };
		49E9220E2C9F606D001D449E /* IGTextFieldModifier.swift in Sources */ = {isa = PBXBuildFile; fileRef = 49E9220D2C9F606D001D449E /* IGTextFieldModifier.swift */; };
		49E922102C9F6402001D449E /* CreateUsernameView.swift in Sources */ = {isa = PBXBuildFile; fileRef = 49E9220F2C9F6402001D449E /* CreateUsernameView.swift */; };
		49E922122C9F7012001D449E /* CreatePasswordView.swift in Sources */ = {isa = PBXBuildFile; fileRef = 49E922112C9F7012001D449E /* CreatePasswordView.swift */; };
		49E922142C9F73FC001D449E /* CompleteSignUpView.swift in Sources */ = {isa = PBXBuildFile; fileRef = 49E922132C9F73FC001D449E /* CompleteSignUpView.swift */; };
		49E922162C9F7C8C001D449E /* User.swift in Sources */ = {isa = PBXBuildFile; fileRef = 49E922152C9F7C8C001D449E /* User.swift */; };
		49E922182C9FA5CB001D449E /* CurrentUserProfileView.swift in Sources */ = {isa = PBXBuildFile; fileRef = 49E922172C9FA5CB001D449E /* CurrentUserProfileView.swift */; };
		49E9221A2CA02D16001D449E /* Post.swift in Sources */ = {isa = PBXBuildFile; fileRef = 49E922192CA02D16001D449E /* Post.swift */; };
		49E9221C2CA05E6A001D449E /* PostGridView.swift in Sources */ = {isa = PBXBuildFile; fileRef = 49E9221B2CA05E6A001D449E /* PostGridView.swift */; };
		49E9221E2CA06535001D449E /* ProfileHeaderView.swift in Sources */ = {isa = PBXBuildFile; fileRef = 49E9221D2CA06535001D449E /* ProfileHeaderView.swift */; };
		49E922212CA06B79001D449E /* UploadPostView.swift in Sources */ = {isa = PBXBuildFile; fileRef = 49E922202CA06B79001D449E /* UploadPostView.swift */; };
		49E922232CA076F3001D449E /* UploadPostViewModel.swift in Sources */ = {isa = PBXBuildFile; fileRef = 49E922222CA076F3001D449E /* UploadPostViewModel.swift */; };
		49E922252CA0C69B001D449E /* GoogleService-Info.plist in Resources */ = {isa = PBXBuildFile; fileRef = 49E922242CA0C69B001D449E /* GoogleService-Info.plist */; };
		49E922282CA0C7B8001D449E /* FirebaseAuth in Frameworks */ = {isa = PBXBuildFile; productRef = 49E922272CA0C7B8001D449E /* FirebaseAuth */; };
		49E9222A2CA0C7B8001D449E /* FirebaseFirestore in Frameworks */ = {isa = PBXBuildFile; productRef = 49E922292CA0C7B8001D449E /* FirebaseFirestore */; };
		49E9222C2CA0C7B8001D449E /* FirebaseStorage in Frameworks */ = {isa = PBXBuildFile; productRef = 49E9222B2CA0C7B8001D449E /* FirebaseStorage */; };
		49E922302CA0CDD1001D449E /* AuthService.swift in Sources */ = {isa = PBXBuildFile; fileRef = 49E9222F2CA0CDD1001D449E /* AuthService.swift */; };
		49EC594D2CA44F11002FC2C5 /* LoginViewModel.swift in Sources */ = {isa = PBXBuildFile; fileRef = 49EC594C2CA44F11002FC2C5 /* LoginViewModel.swift */; };
		49EC594F2CA4ED9F002FC2C5 /* UserService.swift in Sources */ = {isa = PBXBuildFile; fileRef = 49EC594E2CA4ED9F002FC2C5 /* UserService.swift */; };
		49F624F92C9B6B5B0028426F /* MainTabView.swift in Sources */ = {isa = PBXBuildFile; fileRef = 49F624F82C9B6B5B0028426F /* MainTabView.swift */; };
		49F624FC2C9B6EF70028426F /* ProfileView.swift in Sources */ = {isa = PBXBuildFile; fileRef = 49F624FB2C9B6EF70028426F /* ProfileView.swift */; };
/* End PBXBuildFile section */

/* Begin PBXFileReference section */
		49053AEC2CB5D22600AE7379 /* EditProfileView.swift */ = {isa = PBXFileReference; lastKnownFileType = sourcecode.swift; path = EditProfileView.swift; sourceTree = "<group>"; };
		49077A032CA1854B00816179 /* ContentViewModel.swift */ = {isa = PBXFileReference; lastKnownFileType = sourcecode.swift; path = ContentViewModel.swift; sourceTree = "<group>"; };
		4921828A2CC53C7400AE2EBE /* FeedViewModel.swift */ = {isa = PBXFileReference; lastKnownFileType = sourcecode.swift; path = FeedViewModel.swift; sourceTree = "<group>"; };
		4921828C2CC56D6600AE2EBE /* PostService.swift */ = {isa = PBXFileReference; lastKnownFileType = sourcecode.swift; path = PostService.swift; sourceTree = "<group>"; };
		493B7E4A2CA326DE0086E9D1 /* RegistrationViewModel.swift */ = {isa = PBXFileReference; lastKnownFileType = sourcecode.swift; path = RegistrationViewModel.swift; sourceTree = "<group>"; };
		4958B3F62CADF1BF00398819 /* SearchViewModel.swift */ = {isa = PBXFileReference; lastKnownFileType = sourcecode.swift; path = SearchViewModel.swift; sourceTree = "<group>"; };
		49600CB42C9C414A00FA5533 /* UserStatView.swift */ = {isa = PBXFileReference; lastKnownFileType = sourcecode.swift; path = UserStatView.swift; sourceTree = "<group>"; };
		498BF52C2CB87D4800A4AB60 /* ImageUploader.swift */ = {isa = PBXFileReference; lastKnownFileType = sourcecode.swift; path = ImageUploader.swift; sourceTree = "<group>"; };
		499C6E462C9A361F0029C825 /* Instagram.app */ = {isa = PBXFileReference; explicitFileType = wrapper.application; includeInIndex = 0; path = Instagram.app; sourceTree = BUILT_PRODUCTS_DIR; };
		499C6E492C9A361F0029C825 /* InstagramApp.swift */ = {isa = PBXFileReference; lastKnownFileType = sourcecode.swift; path = InstagramApp.swift; sourceTree = "<group>"; };
		499C6E4B2C9A361F0029C825 /* ContentView.swift */ = {isa = PBXFileReference; lastKnownFileType = sourcecode.swift; path = ContentView.swift; sourceTree = "<group>"; };
		499C6E4D2C9A36200029C825 /* Assets.xcassets */ = {isa = PBXFileReference; lastKnownFileType = folder.assetcatalog; path = Assets.xcassets; sourceTree = "<group>"; };
		499C6E502C9A36200029C825 /* Preview Assets.xcassets */ = {isa = PBXFileReference; lastKnownFileType = folder.assetcatalog; path = "Preview Assets.xcassets"; sourceTree = "<group>"; };
		49A02EC72CBF2040007D626E /* CircularProfileImageView.swift */ = {isa = PBXFileReference; lastKnownFileType = sourcecode.swift; path = CircularProfileImageView.swift; sourceTree = "<group>"; };
		49B2B6B72CB724EE00B17ADE /* EditProfileViewModel.swift */ = {isa = PBXFileReference; lastKnownFileType = sourcecode.swift; path = EditProfileViewModel.swift; sourceTree = "<group>"; };
		49E922012C9ED0D6001D449E /* FeedCell.swift */ = {isa = PBXFileReference; lastKnownFileType = sourcecode.swift; path = FeedCell.swift; sourceTree = "<group>"; };
		49E922032C9F1998001D449E /* FeedView.swift */ = {isa = PBXFileReference; lastKnownFileType = sourcecode.swift; path = FeedView.swift; sourceTree = "<group>"; };
		49E922062C9F37FB001D449E /* SearchView.swift */ = {isa = PBXFileReference; lastKnownFileType = sourcecode.swift; path = SearchView.swift; sourceTree = "<group>"; };
		49E922092C9F3EAF001D449E /* LoginView.swift */ = {isa = PBXFileReference; lastKnownFileType = sourcecode.swift; path = LoginView.swift; sourceTree = "<group>"; };
		49E9220B2C9F538B001D449E /* AddEmailView.swift */ = {isa = PBXFileReference; lastKnownFileType = sourcecode.swift; path = AddEmailView.swift; sourceTree = "<group>"; };
		49E9220D2C9F606D001D449E /* IGTextFieldModifier.swift */ = {isa = PBXFileReference; lastKnownFileType = sourcecode.swift; path = IGTextFieldModifier.swift; sourceTree = "<group>"; };
		49E9220F2C9F6402001D449E /* CreateUsernameView.swift */ = {isa = PBXFileReference; lastKnownFileType = sourcecode.swift; path = CreateUsernameView.swift; sourceTree = "<group>"; };
		49E922112C9F7012001D449E /* CreatePasswordView.swift */ = {isa = PBXFileReference; lastKnownFileType = sourcecode.swift; path = CreatePasswordView.swift; sourceTree = "<group>"; };
		49E922132C9F73FC001D449E /* CompleteSignUpView.swift */ = {isa = PBXFileReference; lastKnownFileType = sourcecode.swift; path = CompleteSignUpView.swift; sourceTree = "<group>"; };
		49E922152C9F7C8C001D449E /* User.swift */ = {isa = PBXFileReference; lastKnownFileType = sourcecode.swift; path = User.swift; sourceTree = "<group>"; };
		49E922172C9FA5CB001D449E /* CurrentUserProfileView.swift */ = {isa = PBXFileReference; lastKnownFileType = sourcecode.swift; path = CurrentUserProfileView.swift; sourceTree = "<group>"; };
		49E922192CA02D16001D449E /* Post.swift */ = {isa = PBXFileReference; lastKnownFileType = sourcecode.swift; path = Post.swift; sourceTree = "<group>"; };
		49E9221B2CA05E6A001D449E /* PostGridView.swift */ = {isa = PBXFileReference; lastKnownFileType = sourcecode.swift; path = PostGridView.swift; sourceTree = "<group>"; };
		49E9221D2CA06535001D449E /* ProfileHeaderView.swift */ = {isa = PBXFileReference; lastKnownFileType = sourcecode.swift; path = ProfileHeaderView.swift; sourceTree = "<group>"; };
		49E922202CA06B79001D449E /* UploadPostView.swift */ = {isa = PBXFileReference; lastKnownFileType = sourcecode.swift; path = UploadPostView.swift; sourceTree = "<group>"; };
		49E922222CA076F3001D449E /* UploadPostViewModel.swift */ = {isa = PBXFileReference; lastKnownFileType = sourcecode.swift; path = UploadPostViewModel.swift; sourceTree = "<group>"; };
		49E922242CA0C69B001D449E /* GoogleService-Info.plist */ = {isa = PBXFileReference; fileEncoding = 4; lastKnownFileType = text.plist.xml; path = "GoogleService-Info.plist"; sourceTree = SOURCE_ROOT; };
		49E9222F2CA0CDD1001D449E /* AuthService.swift */ = {isa = PBXFileReference; lastKnownFileType = sourcecode.swift; path = AuthService.swift; sourceTree = "<group>"; };
		49EC594C2CA44F11002FC2C5 /* LoginViewModel.swift */ = {isa = PBXFileReference; lastKnownFileType = sourcecode.swift; path = LoginViewModel.swift; sourceTree = "<group>"; };
		49EC594E2CA4ED9F002FC2C5 /* UserService.swift */ = {isa = PBXFileReference; lastKnownFileType = sourcecode.swift; path = UserService.swift; sourceTree = "<group>"; };
		49F624F82C9B6B5B0028426F /* MainTabView.swift */ = {isa = PBXFileReference; lastKnownFileType = sourcecode.swift; path = MainTabView.swift; sourceTree = "<group>"; };
		49F624FB2C9B6EF70028426F /* ProfileView.swift */ = {isa = PBXFileReference; lastKnownFileType = sourcecode.swift; path = ProfileView.swift; sourceTree = "<group>"; };
/* End PBXFileReference section */

/* Begin PBXFrameworksBuildPhase section */
		499C6E432C9A361F0029C825 /* Frameworks */ = {
			isa = PBXFrameworksBuildPhase;
			buildActionMask = 2147483647;
			files = (
				49A02EC62CBF187F007D626E /* Kingfisher in Frameworks */,
				49E922282CA0C7B8001D449E /* FirebaseAuth in Frameworks */,
				49E9222A2CA0C7B8001D449E /* FirebaseFirestore in Frameworks */,
				49E9222C2CA0C7B8001D449E /* FirebaseStorage in Frameworks */,
			);
			runOnlyForDeploymentPostprocessing = 0;
		};
/* End PBXFrameworksBuildPhase section */

/* Begin PBXGroup section */
		49077A012CA1852600816179 /* View */ = {
			isa = PBXGroup;
			children = (
				499C6E4B2C9A361F0029C825 /* ContentView.swift */,
			);
			path = View;
			sourceTree = "<group>";
		};
		49077A022CA1852E00816179 /* ViewModel */ = {
			isa = PBXGroup;
			children = (
				49077A032CA1854B00816179 /* ContentViewModel.swift */,
			);
			path = ViewModel;
			sourceTree = "<group>";
		};
		492182882CC53C1D00AE2EBE /* View */ = {
			isa = PBXGroup;
			children = (
				49E922012C9ED0D6001D449E /* FeedCell.swift */,
				49E922032C9F1998001D449E /* FeedView.swift */,
			);
			path = View;
			sourceTree = "<group>";
		};
		492182892CC53C3300AE2EBE /* ViewModel */ = {
			isa = PBXGroup;
			children = (
				4921828A2CC53C7400AE2EBE /* FeedViewModel.swift */,
			);
			path = ViewModel;
			sourceTree = "<group>";
		};
		493B7E492CA326800086E9D1 /* ViewModel */ = {
			isa = PBXGroup;
			children = (
				493B7E4A2CA326DE0086E9D1 /* RegistrationViewModel.swift */,
				49EC594C2CA44F11002FC2C5 /* LoginViewModel.swift */,
			);
			path = ViewModel;
			sourceTree = "<group>";
		};
		4958B3F42CADF17900398819 /* View */ = {
			isa = PBXGroup;
			children = (
				49E922062C9F37FB001D449E /* SearchView.swift */,
			);
			path = View;
			sourceTree = "<group>";
		};
		4958B3F52CADF18000398819 /* ViewModel */ = {
			isa = PBXGroup;
			children = (
				4958B3F62CADF1BF00398819 /* SearchViewModel.swift */,
			);
			path = ViewModel;
			sourceTree = "<group>";
		};
		49600CB32C9C410E00FA5533 /* Components */ = {
			isa = PBXGroup;
			children = (
				49E9220D2C9F606D001D449E /* IGTextFieldModifier.swift */,
				49E9221B2CA05E6A001D449E /* PostGridView.swift */,
				49600CB42C9C414A00FA5533 /* UserStatView.swift */,
				49A02EC72CBF2040007D626E /* CircularProfileImageView.swift */,
			);
			path = Components;
			sourceTree = "<group>";
		};
		499C6E3D2C9A361F0029C825 = {
			isa = PBXGroup;
			children = (
				499C6E482C9A361F0029C825 /* Instagram */,
				499C6E472C9A361F0029C825 /* Products */,
			);
			sourceTree = "<group>";
		};
		499C6E472C9A361F0029C825 /* Products */ = {
			isa = PBXGroup;
			children = (
				499C6E462C9A361F0029C825 /* Instagram.app */,
			);
			name = Products;
			sourceTree = "<group>";
		};
		499C6E482C9A361F0029C825 /* Instagram */ = {
			isa = PBXGroup;
			children = (
				499C6E572C9A3DC70029C825 /* App */,
				499C6E582C9A3DD30029C825 /* Core */,
				499C6E592C9A3DE00029C825 /* Model */,
				499C6E5B2C9A3E010029C825 /* Extensions */,
				499C6E5A2C9A3DF50029C825 /* Services */,
				499C6E4D2C9A36200029C825 /* Assets.xcassets */,
				49E922242CA0C69B001D449E /* GoogleService-Info.plist */,
				499C6E4F2C9A36200029C825 /* Preview Content */,
			);
			path = Instagram;
			sourceTree = "<group>";
		};
		499C6E4F2C9A36200029C825 /* Preview Content */ = {
			isa = PBXGroup;
			children = (
				499C6E502C9A36200029C825 /* Preview Assets.xcassets */,
			);
			path = "Preview Content";
			sourceTree = "<group>";
		};
		499C6E572C9A3DC70029C825 /* App */ = {
			isa = PBXGroup;
			children = (
				499C6E492C9A361F0029C825 /* InstagramApp.swift */,
			);
			path = App;
			sourceTree = "<group>";
		};
		499C6E582C9A3DD30029C825 /* Core */ = {
			isa = PBXGroup;
			children = (
				49E922082C9F3E85001D449E /* Authentication */,
				49600CB32C9C410E00FA5533 /* Components */,
				49E921FE2C9ED05B001D449E /* Feed */,
				49F624FA2C9B6ED70028426F /* Profile */,
				499C6E5C2C9A3E590029C825 /* Root */,
				49E922052C9F37CC001D449E /* Search */,
				49F624F72C9B6B0E0028426F /* TabBar */,
				49E9221F2CA06B48001D449E /* UploadPost */,
			);
			path = Core;
			sourceTree = "<group>";
		};
		499C6E592C9A3DE00029C825 /* Model */ = {
			isa = PBXGroup;
			children = (
				49E922192CA02D16001D449E /* Post.swift */,
				49E922152C9F7C8C001D449E /* User.swift */,
			);
			path = Model;
			sourceTree = "<group>";
		};
		499C6E5A2C9A3DF50029C825 /* Services */ = {
			isa = PBXGroup;
			children = (
				498BF52C2CB87D4800A4AB60 /* ImageUploader.swift */,
				4921828C2CC56D6600AE2EBE /* PostService.swift */,
				49EC594E2CA4ED9F002FC2C5 /* UserService.swift */,
			);
			path = Services;
			sourceTree = "<group>";
		};
		499C6E5B2C9A3E010029C825 /* Extensions */ = {
			isa = PBXGroup;
			children = (
			);
			path = Extensions;
			sourceTree = "<group>";
		};
		499C6E5C2C9A3E590029C825 /* Root */ = {
			isa = PBXGroup;
			children = (
				49077A012CA1852600816179 /* View */,
				49077A022CA1852E00816179 /* ViewModel */,
			);
			path = Root;
			sourceTree = "<group>";
		};
		49B2B6B32CB7206600B17ADE /* View */ = {
			isa = PBXGroup;
			children = (
				49E922172C9FA5CB001D449E /* CurrentUserProfileView.swift */,
				49053AEC2CB5D22600AE7379 /* EditProfileView.swift */,
				49E9221D2CA06535001D449E /* ProfileHeaderView.swift */,
				49F624FB2C9B6EF70028426F /* ProfileView.swift */,
			);
			path = View;
			sourceTree = "<group>";
		};
		49B2B6B42CB7206E00B17ADE /* ViewModel */ = {
			isa = PBXGroup;
			children = (
				49B2B6B72CB724EE00B17ADE /* EditProfileViewModel.swift */,
			);
			path = ViewModel;
			sourceTree = "<group>";
		};
		49B2B6B92CB7269B00B17ADE /* View */ = {
			isa = PBXGroup;
			children = (
				49E922202CA06B79001D449E /* UploadPostView.swift */,
			);
			path = View;
			sourceTree = "<group>";
		};
		49B2B6BA2CB726A800B17ADE /* ViewModel */ = {
			isa = PBXGroup;
			children = (
				49E922222CA076F3001D449E /* UploadPostViewModel.swift */,
			);
			path = ViewModel;
			sourceTree = "<group>";
		};
		49E921FE2C9ED05B001D449E /* Feed */ = {
			isa = PBXGroup;
			children = (
				492182882CC53C1D00AE2EBE /* View */,
				492182892CC53C3300AE2EBE /* ViewModel */,
			);
			path = Feed;
			sourceTree = "<group>";
		};
		49E922052C9F37CC001D449E /* Search */ = {
			isa = PBXGroup;
			children = (
				4958B3F42CADF17900398819 /* View */,
				4958B3F52CADF18000398819 /* ViewModel */,
			);
			path = Search;
			sourceTree = "<group>";
		};
		49E922082C9F3E85001D449E /* Authentication */ = {
			isa = PBXGroup;
			children = (
				49E9222D2CA0CD74001D449E /* View */,
				493B7E492CA326800086E9D1 /* ViewModel */,
				49E9222E2CA0CDB7001D449E /* Service */,
			);
			path = Authentication;
			sourceTree = "<group>";
		};
		49E9221F2CA06B48001D449E /* UploadPost */ = {
			isa = PBXGroup;
			children = (
				49B2B6B92CB7269B00B17ADE /* View */,
				49B2B6BA2CB726A800B17ADE /* ViewModel */,
			);
			path = UploadPost;
			sourceTree = "<group>";
		};
		49E9222D2CA0CD74001D449E /* View */ = {
			isa = PBXGroup;
			children = (
				49E9220B2C9F538B001D449E /* AddEmailView.swift */,
				49E922132C9F73FC001D449E /* CompleteSignUpView.swift */,
				49E922112C9F7012001D449E /* CreatePasswordView.swift */,
				49E9220F2C9F6402001D449E /* CreateUsernameView.swift */,
				49E922092C9F3EAF001D449E /* LoginView.swift */,
			);
			path = View;
			sourceTree = "<group>";
		};
		49E9222E2CA0CDB7001D449E /* Service */ = {
			isa = PBXGroup;
			children = (
				49E9222F2CA0CDD1001D449E /* AuthService.swift */,
			);
			path = Service;
			sourceTree = "<group>";
		};
		49F624F72C9B6B0E0028426F /* TabBar */ = {
			isa = PBXGroup;
			children = (
				49F624F82C9B6B5B0028426F /* MainTabView.swift */,
			);
			path = TabBar;
			sourceTree = "<group>";
		};
		49F624FA2C9B6ED70028426F /* Profile */ = {
			isa = PBXGroup;
			children = (
				49B2B6B32CB7206600B17ADE /* View */,
				49B2B6B42CB7206E00B17ADE /* ViewModel */,
			);
			path = Profile;
			sourceTree = "<group>";
		};
/* End PBXGroup section */

/* Begin PBXNativeTarget section */
		499C6E452C9A361F0029C825 /* Instagram */ = {
			isa = PBXNativeTarget;
			buildConfigurationList = 499C6E542C9A36200029C825 /* Build configuration list for PBXNativeTarget "Instagram" */;
			buildPhases = (
				49F624F62C9B5B780028426F /* SwiftLint */,
				499C6E422C9A361F0029C825 /* Sources */,
				499C6E432C9A361F0029C825 /* Frameworks */,
				499C6E442C9A361F0029C825 /* Resources */,
			);
			buildRules = (
			);
			dependencies = (
			);
			name = Instagram;
			packageProductDependencies = (
				49E922272CA0C7B8001D449E /* FirebaseAuth */,
				49E922292CA0C7B8001D449E /* FirebaseFirestore */,
				49E9222B2CA0C7B8001D449E /* FirebaseStorage */,
				49A02EC52CBF187F007D626E /* Kingfisher */,
			);
			productName = Instagram;
			productReference = 499C6E462C9A361F0029C825 /* Instagram.app */;
			productType = "com.apple.product-type.application";
		};
/* End PBXNativeTarget section */

/* Begin PBXProject section */
		499C6E3E2C9A361F0029C825 /* Project object */ = {
			isa = PBXProject;
			attributes = {
				BuildIndependentTargetsInParallel = 1;
				LastSwiftUpdateCheck = 1540;
				LastUpgradeCheck = 1540;
				TargetAttributes = {
					499C6E452C9A361F0029C825 = {
						CreatedOnToolsVersion = 15.4;
					};
				};
			};
			buildConfigurationList = 499C6E412C9A361F0029C825 /* Build configuration list for PBXProject "Instagram" */;
			compatibilityVersion = "Xcode 14.0";
			developmentRegion = en;
			hasScannedForEncodings = 0;
			knownRegions = (
				en,
				Base,
			);
			mainGroup = 499C6E3D2C9A361F0029C825;
			packageReferences = (
				49E922262CA0C7B8001D449E /* XCRemoteSwiftPackageReference "firebase-ios-sdk" */,
				49A02EC42CBF187F007D626E /* XCRemoteSwiftPackageReference "Kingfisher" */,
			);
			productRefGroup = 499C6E472C9A361F0029C825 /* Products */;
			projectDirPath = "";
			projectRoot = "";
			targets = (
				499C6E452C9A361F0029C825 /* Instagram */,
			);
		};
/* End PBXProject section */

/* Begin PBXResourcesBuildPhase section */
		499C6E442C9A361F0029C825 /* Resources */ = {
			isa = PBXResourcesBuildPhase;
			buildActionMask = 2147483647;
			files = (
				499C6E512C9A36200029C825 /* Preview Assets.xcassets in Resources */,
				499C6E4E2C9A36200029C825 /* Assets.xcassets in Resources */,
				49E922252CA0C69B001D449E /* GoogleService-Info.plist in Resources */,
			);
			runOnlyForDeploymentPostprocessing = 0;
		};
/* End PBXResourcesBuildPhase section */

/* Begin PBXShellScriptBuildPhase section */
		49F624F62C9B5B780028426F /* SwiftLint */ = {
			isa = PBXShellScriptBuildPhase;
			alwaysOutOfDate = 1;
			buildActionMask = 2147483647;
			files = (
			);
			inputFileListPaths = (
			);
			inputPaths = (
			);
			name = SwiftLint;
			outputFileListPaths = (
			);
			outputPaths = (
			);
			runOnlyForDeploymentPostprocessing = 0;
			shellPath = /bin/sh;
			shellScript = "if [[ \"$(uname -m)\" == arm64 ]]; then\n    export PATH=\"/opt/homebrew/bin:$PATH\"\nfi\n\nif which swiftlint > /dev/null; then\n  swiftlint\nelse\n  echo \"warning: SwiftLint not installed, download from https://github.com/realm/SwiftLint\"\nfi\n";
		};
/* End PBXShellScriptBuildPhase section */

/* Begin PBXSourcesBuildPhase section */
		499C6E422C9A361F0029C825 /* Sources */ = {
			isa = PBXSourcesBuildPhase;
			buildActionMask = 2147483647;
			files = (
				49E922042C9F1998001D449E /* FeedView.swift in Sources */,
				49E922212CA06B79001D449E /* UploadPostView.swift in Sources */,
				49E922022C9ED0D6001D449E /* FeedCell.swift in Sources */,
				49F624FC2C9B6EF70028426F /* ProfileView.swift in Sources */,
				49E9220A2C9F3EAF001D449E /* LoginView.swift in Sources */,
				49E922302CA0CDD1001D449E /* AuthService.swift in Sources */,
				49EC594F2CA4ED9F002FC2C5 /* UserService.swift in Sources */,
				49E9221A2CA02D16001D449E /* Post.swift in Sources */,
				499C6E4C2C9A361F0029C825 /* ContentView.swift in Sources */,
				49E922182C9FA5CB001D449E /* CurrentUserProfileView.swift in Sources */,
				49E9220C2C9F538B001D449E /* AddEmailView.swift in Sources */,
				49B2B6B82CB724EE00B17ADE /* EditProfileViewModel.swift in Sources */,
				49E9221C2CA05E6A001D449E /* PostGridView.swift in Sources */,
				49E922102C9F6402001D449E /* CreateUsernameView.swift in Sources */,
				4921828B2CC53C7400AE2EBE /* FeedViewModel.swift in Sources */,
				49077A042CA1854B00816179 /* ContentViewModel.swift in Sources */,
				4921828D2CC56D6600AE2EBE /* PostService.swift in Sources */,
				49053AED2CB5D22600AE7379 /* EditProfileView.swift in Sources */,
				49EC594D2CA44F11002FC2C5 /* LoginViewModel.swift in Sources */,
				498BF52D2CB87D4800A4AB60 /* ImageUploader.swift in Sources */,
				493B7E4B2CA326DE0086E9D1 /* RegistrationViewModel.swift in Sources */,
				49E922232CA076F3001D449E /* UploadPostViewModel.swift in Sources */,
				49E9221E2CA06535001D449E /* ProfileHeaderView.swift in Sources */,
				49E922142C9F73FC001D449E /* CompleteSignUpView.swift in Sources */,
				49E922162C9F7C8C001D449E /* User.swift in Sources */,
				49E922072C9F37FB001D449E /* SearchView.swift in Sources */,
				49E9220E2C9F606D001D449E /* IGTextFieldModifier.swift in Sources */,
				499C6E4A2C9A361F0029C825 /* InstagramApp.swift in Sources */,
				49600CB52C9C414A00FA5533 /* UserStatView.swift in Sources */,
				49A02EC82CBF2040007D626E /* CircularProfileImageView.swift in Sources */,
				4958B3F72CADF1BF00398819 /* SearchViewModel.swift in Sources */,
				49F624F92C9B6B5B0028426F /* MainTabView.swift in Sources */,
				49E922122C9F7012001D449E /* CreatePasswordView.swift in Sources */,
			);
			runOnlyForDeploymentPostprocessing = 0;
		};
/* End PBXSourcesBuildPhase section */

/* Begin XCBuildConfiguration section */
		499C6E522C9A36200029C825 /* Debug */ = {
			isa = XCBuildConfiguration;
			buildSettings = {
				ALWAYS_SEARCH_USER_PATHS = NO;
				ASSETCATALOG_COMPILER_GENERATE_SWIFT_ASSET_SYMBOL_EXTENSIONS = YES;
				CLANG_ANALYZER_NONNULL = YES;
				CLANG_ANALYZER_NUMBER_OBJECT_CONVERSION = YES_AGGRESSIVE;
				CLANG_CXX_LANGUAGE_STANDARD = "gnu++20";
				CLANG_ENABLE_MODULES = YES;
				CLANG_ENABLE_OBJC_ARC = YES;
				CLANG_ENABLE_OBJC_WEAK = YES;
				CLANG_WARN_BLOCK_CAPTURE_AUTORELEASING = YES;
				CLANG_WARN_BOOL_CONVERSION = YES;
				CLANG_WARN_COMMA = YES;
				CLANG_WARN_CONSTANT_CONVERSION = YES;
				CLANG_WARN_DEPRECATED_OBJC_IMPLEMENTATIONS = YES;
				CLANG_WARN_DIRECT_OBJC_ISA_USAGE = YES_ERROR;
				CLANG_WARN_DOCUMENTATION_COMMENTS = YES;
				CLANG_WARN_EMPTY_BODY = YES;
				CLANG_WARN_ENUM_CONVERSION = YES;
				CLANG_WARN_INFINITE_RECURSION = YES;
				CLANG_WARN_INT_CONVERSION = YES;
				CLANG_WARN_NON_LITERAL_NULL_CONVERSION = YES;
				CLANG_WARN_OBJC_IMPLICIT_RETAIN_SELF = YES;
				CLANG_WARN_OBJC_LITERAL_CONVERSION = YES;
				CLANG_WARN_OBJC_ROOT_CLASS = YES_ERROR;
				CLANG_WARN_QUOTED_INCLUDE_IN_FRAMEWORK_HEADER = YES;
				CLANG_WARN_RANGE_LOOP_ANALYSIS = YES;
				CLANG_WARN_STRICT_PROTOTYPES = YES;
				CLANG_WARN_SUSPICIOUS_MOVE = YES;
				CLANG_WARN_UNGUARDED_AVAILABILITY = YES_AGGRESSIVE;
				CLANG_WARN_UNREACHABLE_CODE = YES;
				CLANG_WARN__DUPLICATE_METHOD_MATCH = YES;
				COPY_PHASE_STRIP = NO;
				DEBUG_INFORMATION_FORMAT = dwarf;
				ENABLE_STRICT_OBJC_MSGSEND = YES;
				ENABLE_TESTABILITY = YES;
				ENABLE_USER_SCRIPT_SANDBOXING = NO;
				GCC_C_LANGUAGE_STANDARD = gnu17;
				GCC_DYNAMIC_NO_PIC = NO;
				GCC_NO_COMMON_BLOCKS = YES;
				GCC_OPTIMIZATION_LEVEL = 0;
				GCC_PREPROCESSOR_DEFINITIONS = (
					"DEBUG=1",
					"$(inherited)",
				);
				GCC_WARN_64_TO_32_BIT_CONVERSION = YES;
				GCC_WARN_ABOUT_RETURN_TYPE = YES_ERROR;
				GCC_WARN_UNDECLARED_SELECTOR = YES;
				GCC_WARN_UNINITIALIZED_AUTOS = YES_AGGRESSIVE;
				GCC_WARN_UNUSED_FUNCTION = YES;
				GCC_WARN_UNUSED_VARIABLE = YES;
				IPHONEOS_DEPLOYMENT_TARGET = 17.5;
				LOCALIZATION_PREFERS_STRING_CATALOGS = YES;
				MTL_ENABLE_DEBUG_INFO = INCLUDE_SOURCE;
				MTL_FAST_MATH = YES;
				ONLY_ACTIVE_ARCH = YES;
				SDKROOT = iphoneos;
				SWIFT_ACTIVE_COMPILATION_CONDITIONS = "DEBUG $(inherited)";
				SWIFT_OPTIMIZATION_LEVEL = "-Onone";
			};
			name = Debug;
		};
		499C6E532C9A36200029C825 /* Release */ = {
			isa = XCBuildConfiguration;
			buildSettings = {
				ALWAYS_SEARCH_USER_PATHS = NO;
				ASSETCATALOG_COMPILER_GENERATE_SWIFT_ASSET_SYMBOL_EXTENSIONS = YES;
				CLANG_ANALYZER_NONNULL = YES;
				CLANG_ANALYZER_NUMBER_OBJECT_CONVERSION = YES_AGGRESSIVE;
				CLANG_CXX_LANGUAGE_STANDARD = "gnu++20";
				CLANG_ENABLE_MODULES = YES;
				CLANG_ENABLE_OBJC_ARC = YES;
				CLANG_ENABLE_OBJC_WEAK = YES;
				CLANG_WARN_BLOCK_CAPTURE_AUTORELEASING = YES;
				CLANG_WARN_BOOL_CONVERSION = YES;
				CLANG_WARN_COMMA = YES;
				CLANG_WARN_CONSTANT_CONVERSION = YES;
				CLANG_WARN_DEPRECATED_OBJC_IMPLEMENTATIONS = YES;
				CLANG_WARN_DIRECT_OBJC_ISA_USAGE = YES_ERROR;
				CLANG_WARN_DOCUMENTATION_COMMENTS = YES;
				CLANG_WARN_EMPTY_BODY = YES;
				CLANG_WARN_ENUM_CONVERSION = YES;
				CLANG_WARN_INFINITE_RECURSION = YES;
				CLANG_WARN_INT_CONVERSION = YES;
				CLANG_WARN_NON_LITERAL_NULL_CONVERSION = YES;
				CLANG_WARN_OBJC_IMPLICIT_RETAIN_SELF = YES;
				CLANG_WARN_OBJC_LITERAL_CONVERSION = YES;
				CLANG_WARN_OBJC_ROOT_CLASS = YES_ERROR;
				CLANG_WARN_QUOTED_INCLUDE_IN_FRAMEWORK_HEADER = YES;
				CLANG_WARN_RANGE_LOOP_ANALYSIS = YES;
				CLANG_WARN_STRICT_PROTOTYPES = YES;
				CLANG_WARN_SUSPICIOUS_MOVE = YES;
				CLANG_WARN_UNGUARDED_AVAILABILITY = YES_AGGRESSIVE;
				CLANG_WARN_UNREACHABLE_CODE = YES;
				CLANG_WARN__DUPLICATE_METHOD_MATCH = YES;
				COPY_PHASE_STRIP = NO;
				DEBUG_INFORMATION_FORMAT = "dwarf-with-dsym";
				ENABLE_NS_ASSERTIONS = NO;
				ENABLE_STRICT_OBJC_MSGSEND = YES;
				ENABLE_USER_SCRIPT_SANDBOXING = NO;
				GCC_C_LANGUAGE_STANDARD = gnu17;
				GCC_NO_COMMON_BLOCKS = YES;
				GCC_WARN_64_TO_32_BIT_CONVERSION = YES;
				GCC_WARN_ABOUT_RETURN_TYPE = YES_ERROR;
				GCC_WARN_UNDECLARED_SELECTOR = YES;
				GCC_WARN_UNINITIALIZED_AUTOS = YES_AGGRESSIVE;
				GCC_WARN_UNUSED_FUNCTION = YES;
				GCC_WARN_UNUSED_VARIABLE = YES;
				IPHONEOS_DEPLOYMENT_TARGET = 17.5;
				LOCALIZATION_PREFERS_STRING_CATALOGS = YES;
				MTL_ENABLE_DEBUG_INFO = NO;
				MTL_FAST_MATH = YES;
				SDKROOT = iphoneos;
				SWIFT_COMPILATION_MODE = wholemodule;
				VALIDATE_PRODUCT = YES;
			};
			name = Release;
		};
		499C6E552C9A36200029C825 /* Debug */ = {
			isa = XCBuildConfiguration;
			buildSettings = {
				ASSETCATALOG_COMPILER_APPICON_NAME = AppIcon;
				ASSETCATALOG_COMPILER_GLOBAL_ACCENT_COLOR_NAME = AccentColor;
				CODE_SIGN_STYLE = Automatic;
				CURRENT_PROJECT_VERSION = 1;
				DEVELOPMENT_ASSET_PATHS = "\"Instagram/Preview Content\"";
				ENABLE_PREVIEWS = YES;
				GENERATE_INFOPLIST_FILE = YES;
				INFOPLIST_KEY_UIApplicationSceneManifest_Generation = YES;
				INFOPLIST_KEY_UIApplicationSupportsIndirectInputEvents = YES;
				INFOPLIST_KEY_UILaunchScreen_Generation = YES;
				INFOPLIST_KEY_UISupportedInterfaceOrientations_iPad = "UIInterfaceOrientationPortrait UIInterfaceOrientationPortraitUpsideDown UIInterfaceOrientationLandscapeLeft UIInterfaceOrientationLandscapeRight";
				INFOPLIST_KEY_UISupportedInterfaceOrientations_iPhone = "UIInterfaceOrientationPortrait UIInterfaceOrientationLandscapeLeft UIInterfaceOrientationLandscapeRight";
				LD_RUNPATH_SEARCH_PATHS = (
					"$(inherited)",
					"@executable_path/Frameworks",
				);
				MARKETING_VERSION = 1.0;
				PRODUCT_BUNDLE_IDENTIFIER = com.mdossantosdev.Instagram;
				PRODUCT_NAME = "$(TARGET_NAME)";
				SWIFT_EMIT_LOC_STRINGS = YES;
				SWIFT_VERSION = 5.0;
				TARGETED_DEVICE_FAMILY = "1,2";
			};
			name = Debug;
		};
		499C6E562C9A36200029C825 /* Release */ = {
			isa = XCBuildConfiguration;
			buildSettings = {
				ASSETCATALOG_COMPILER_APPICON_NAME = AppIcon;
				ASSETCATALOG_COMPILER_GLOBAL_ACCENT_COLOR_NAME = AccentColor;
				CODE_SIGN_STYLE = Automatic;
				CURRENT_PROJECT_VERSION = 1;
				DEVELOPMENT_ASSET_PATHS = "\"Instagram/Preview Content\"";
				ENABLE_PREVIEWS = YES;
				GENERATE_INFOPLIST_FILE = YES;
				INFOPLIST_KEY_UIApplicationSceneManifest_Generation = YES;
				INFOPLIST_KEY_UIApplicationSupportsIndirectInputEvents = YES;
				INFOPLIST_KEY_UILaunchScreen_Generation = YES;
				INFOPLIST_KEY_UISupportedInterfaceOrientations_iPad = "UIInterfaceOrientationPortrait UIInterfaceOrientationPortraitUpsideDown UIInterfaceOrientationLandscapeLeft UIInterfaceOrientationLandscapeRight";
				INFOPLIST_KEY_UISupportedInterfaceOrientations_iPhone = "UIInterfaceOrientationPortrait UIInterfaceOrientationLandscapeLeft UIInterfaceOrientationLandscapeRight";
				LD_RUNPATH_SEARCH_PATHS = (
					"$(inherited)",
					"@executable_path/Frameworks",
				);
				MARKETING_VERSION = 1.0;
				PRODUCT_BUNDLE_IDENTIFIER = com.mdossantosdev.Instagram;
				PRODUCT_NAME = "$(TARGET_NAME)";
				SWIFT_EMIT_LOC_STRINGS = YES;
				SWIFT_VERSION = 5.0;
				TARGETED_DEVICE_FAMILY = "1,2";
			};
			name = Release;
		};
/* End XCBuildConfiguration section */

/* Begin XCConfigurationList section */
		499C6E412C9A361F0029C825 /* Build configuration list for PBXProject "Instagram" */ = {
			isa = XCConfigurationList;
			buildConfigurations = (
				499C6E522C9A36200029C825 /* Debug */,
				499C6E532C9A36200029C825 /* Release */,
			);
			defaultConfigurationIsVisible = 0;
			defaultConfigurationName = Release;
		};
		499C6E542C9A36200029C825 /* Build configuration list for PBXNativeTarget "Instagram" */ = {
			isa = XCConfigurationList;
			buildConfigurations = (
				499C6E552C9A36200029C825 /* Debug */,
				499C6E562C9A36200029C825 /* Release */,
			);
			defaultConfigurationIsVisible = 0;
			defaultConfigurationName = Release;
		};
/* End XCConfigurationList section */

/* Begin XCRemoteSwiftPackageReference section */
		49A02EC42CBF187F007D626E /* XCRemoteSwiftPackageReference "Kingfisher" */ = {
			isa = XCRemoteSwiftPackageReference;
			repositoryURL = "https://github.com/onevcat/Kingfisher.git";
			requirement = {
				kind = upToNextMajorVersion;
				minimumVersion = 8.1.0;
			};
		};
		49E922262CA0C7B8001D449E /* XCRemoteSwiftPackageReference "firebase-ios-sdk" */ = {
			isa = XCRemoteSwiftPackageReference;
			repositoryURL = "https://github.com/firebase/firebase-ios-sdk";
			requirement = {
				kind = upToNextMajorVersion;
				minimumVersion = 11.2.0;
			};
		};
/* End XCRemoteSwiftPackageReference section */

/* Begin XCSwiftPackageProductDependency section */
		49A02EC52CBF187F007D626E /* Kingfisher */ = {
			isa = XCSwiftPackageProductDependency;
			package = 49A02EC42CBF187F007D626E /* XCRemoteSwiftPackageReference "Kingfisher" */;
			productName = Kingfisher;
		};
		49E922272CA0C7B8001D449E /* FirebaseAuth */ = {
			isa = XCSwiftPackageProductDependency;
			package = 49E922262CA0C7B8001D449E /* XCRemoteSwiftPackageReference "firebase-ios-sdk" */;
			productName = FirebaseAuth;
		};
		49E922292CA0C7B8001D449E /* FirebaseFirestore */ = {
			isa = XCSwiftPackageProductDependency;
			package = 49E922262CA0C7B8001D449E /* XCRemoteSwiftPackageReference "firebase-ios-sdk" */;
			productName = FirebaseFirestore;
		};
		49E9222B2CA0C7B8001D449E /* FirebaseStorage */ = {
			isa = XCSwiftPackageProductDependency;
			package = 49E922262CA0C7B8001D449E /* XCRemoteSwiftPackageReference "firebase-ios-sdk" */;
			productName = FirebaseStorage;
		};
/* End XCSwiftPackageProductDependency section */
	};
	rootObject = 499C6E3E2C9A361F0029C825 /* Project object */;
}
